
Microsoft Visual Studio Solution File, Format Version 12.00
# Visual Studio Version 17
VisualStudioVersion = 17.0.32002.185
MinimumVisualStudioVersion = 10.0.40219.1
Project("{FAE04EC0-301F-11D3-BF4B-00C04F79EFBC}") = "CursoOnlineDDD.Dominio.Test", "test\CursoOnlineDDD.Dominio.Test\CursoOnlineDDD.Dominio.Test.csproj", "{F103B401-101D-4FD9-9E53-37D864BE1975}"
EndProject
Project("{FAE04EC0-301F-11D3-BF4B-00C04F79EFBC}") = "CursoOnlineTDD.Dominio", "src\CursoOnlineTDD.Dominio\CursoOnlineTDD.Dominio.csproj", "{53279CE9-DD01-4E2C-B69C-3EE942AECAC4}"
EndProject
Global
	GlobalSection(SolutionConfigurationPlatforms) = preSolution
		Debug|Any CPU = Debug|Any CPU
		Release|Any CPU = Release|Any CPU
	EndGlobalSection
	GlobalSection(ProjectConfigurationPlatforms) = postSolution
		{F103B401-101D-4FD9-9E53-37D864BE1975}.Debug|Any CPU.ActiveCfg = Debug|Any CPU
		{F103B401-101D-4FD9-9E53-37D864BE1975}.Debug|Any CPU.Build.0 = Debug|Any CPU
		{F103B401-101D-4FD9-9E53-37D864BE1975}.Release|Any CPU.ActiveCfg = Release|Any CPU
		{F103B401-101D-4FD9-9E53-37D864BE1975}.Release|Any CPU.Build.0 = Release|Any CPU
		{53279CE9-DD01-4E2C-B69C-3EE942AECAC4}.Debug|Any CPU.ActiveCfg = Debug|Any CPU
		{53279CE9-DD01-4E2C-B69C-3EE942AECAC4}.Debug|Any CPU.Build.0 = Debug|Any CPU
		{53279CE9-DD01-4E2C-B69C-3EE942AECAC4}.Release|Any CPU.ActiveCfg = Release|Any CPU
		{53279CE9-DD01-4E2C-B69C-3EE942AECAC4}.Release|Any CPU.Build.0 = Release|Any CPU
	EndGlobalSection
	GlobalSection(SolutionProperties) = preSolution
		HideSolutionNode = FALSE
	EndGlobalSection
	GlobalSection(ExtensibilityGlobals) = postSolution
		SolutionGuid = {9A84FB1A-DA2A-42F8-A526-CA75CFCD23F1}
	EndGlobalSection
EndGlobal
